
Microsoft Visual Studio Solution File, Format Version 12.00
# Visual Studio 2017
Project("{FAE04EC0-301F-11D3-BF4B-00C04F79EFBC}") = "RC3-Framework", "RC3-Framework.csproj", "{7CA0D2FF-D666-E484-4F72-C85E0D0989AC}"
EndProject
Project("{FAE04EC0-301F-11D3-BF4B-00C04F79EFBC}") = "RC3-Framework.Editor", "RC3-Framework.Editor.csproj", "{ABCF6235-EA1D-9ABB-495C-CAC8F74F35BD}"
EndProject
Project("{FAE04EC0-301F-11D3-BF4B-00C04F79EFBC}") = "Unity.PackageManagerUI.Editor", "Unity.PackageManagerUI.Editor.csproj", "{6877705C-FBD9-0C4F-5AFB-6FB431E5D39D}"
EndProject
Project("{FAE04EC0-301F-11D3-BF4B-00C04F79EFBC}") = "UnityEditor.StandardEvents", "UnityEditor.StandardEvents.csproj", "{6800202F-4402-D405-F8CB-03DC7BD78B92}"
EndProject
Global
	GlobalSection(SolutionConfigurationPlatforms) = preSolution
		Debug|Any CPU = Debug|Any CPU
		Release|Any CPU = Release|Any CPU
	EndGlobalSection
	GlobalSection(ProjectConfigurationPlatforms) = postSolution
		{7CA0D2FF-D666-E484-4F72-C85E0D0989AC}.Debug|Any CPU.ActiveCfg = Debug|Any CPU
		{7CA0D2FF-D666-E484-4F72-C85E0D0989AC}.Debug|Any CPU.Build.0 = Debug|Any CPU
		{7CA0D2FF-D666-E484-4F72-C85E0D0989AC}.Release|Any CPU.ActiveCfg = Release|Any CPU
		{7CA0D2FF-D666-E484-4F72-C85E0D0989AC}.Release|Any CPU.Build.0 = Release|Any CPU
		{ABCF6235-EA1D-9ABB-495C-CAC8F74F35BD}.Debug|Any CPU.ActiveCfg = Debug|Any CPU
		{ABCF6235-EA1D-9ABB-495C-CAC8F74F35BD}.Debug|Any CPU.Build.0 = Debug|Any CPU
		{ABCF6235-EA1D-9ABB-495C-CAC8F74F35BD}.Release|Any CPU.ActiveCfg = Release|Any CPU
		{ABCF6235-EA1D-9ABB-495C-CAC8F74F35BD}.Release|Any CPU.Build.0 = Release|Any CPU
		{6877705C-FBD9-0C4F-5AFB-6FB431E5D39D}.Debug|Any CPU.ActiveCfg = Debug|Any CPU
		{6877705C-FBD9-0C4F-5AFB-6FB431E5D39D}.Debug|Any CPU.Build.0 = Debug|Any CPU
		{6877705C-FBD9-0C4F-5AFB-6FB431E5D39D}.Release|Any CPU.ActiveCfg = Release|Any CPU
		{6877705C-FBD9-0C4F-5AFB-6FB431E5D39D}.Release|Any CPU.Build.0 = Release|Any CPU
		{6800202F-4402-D405-F8CB-03DC7BD78B92}.Debug|Any CPU.ActiveCfg = Debug|Any CPU
		{6800202F-4402-D405-F8CB-03DC7BD78B92}.Debug|Any CPU.Build.0 = Debug|Any CPU
		{6800202F-4402-D405-F8CB-03DC7BD78B92}.Release|Any CPU.ActiveCfg = Release|Any CPU
		{6800202F-4402-D405-F8CB-03DC7BD78B92}.Release|Any CPU.Build.0 = Release|Any CPU
	EndGlobalSection
	GlobalSection(SolutionProperties) = preSolution
		HideSolutionNode = FALSE
	EndGlobalSection
EndGlobal
